
Microsoft Visual Studio Solution File, Format Version 12.00
# Visual Studio Version 16
VisualStudioVersion = 16.0.31729.503
MinimumVisualStudioVersion = 10.0.40219.1
Project("{FAE04EC0-301F-11D3-BF4B-00C04F79EFBC}") = "Exercicios02", "Exercicios02\Exercicios02.csproj", "{1DF2E8A8-DB82-4D62-85BF-C6A4FD2BE780}"
EndProject
Global
	GlobalSection(SolutionConfigurationPlatforms) = preSolution
		Debug|Any CPU = Debug|Any CPU
		Release|Any CPU = Release|Any CPU
	EndGlobalSection
	GlobalSection(ProjectConfigurationPlatforms) = postSolution
		{1DF2E8A8-DB82-4D62-85BF-C6A4FD2BE780}.Debug|Any CPU.ActiveCfg = Debug|Any CPU
		{1DF2E8A8-DB82-4D62-85BF-C6A4FD2BE780}.Debug|Any CPU.Build.0 = Debug|Any CPU
		{1DF2E8A8-DB82-4D62-85BF-C6A4FD2BE780}.Release|Any CPU.ActiveCfg = Release|Any CPU
		{1DF2E8A8-DB82-4D62-85BF-C6A4FD2BE780}.Release|Any CPU.Build.0 = Release|Any CPU
	EndGlobalSection
	GlobalSection(SolutionProperties) = preSolution
		HideSolutionNode = FALSE
	EndGlobalSection
	GlobalSection(ExtensibilityGlobals) = postSolution
		SolutionGuid = {4FC9C136-A461-479B-8A8B-FDB15A1F13CC}
	EndGlobalSection
EndGlobal
